
Microsoft Visual Studio Solution File, Format Version 12.00
# Visual Studio Version 16
VisualStudioVersion = 16.0.32106.194
MinimumVisualStudioVersion = 10.0.40219.1
Project("{FAE04EC0-301F-11D3-BF4B-00C04F79EFBC}") = "RevitAPIVolumeSelectedWalls", "RevitAPIVolumeSelectedWalls\RevitAPIVolumeSelectedWalls.csproj", "{1541AF1E-AB8D-4586-B9E0-D55D27607834}"
EndProject
Global
	GlobalSection(SolutionConfigurationPlatforms) = preSolution
		Debug|Any CPU = Debug|Any CPU
		Release|Any CPU = Release|Any CPU
	EndGlobalSection
	GlobalSection(ProjectConfigurationPlatforms) = postSolution
		{1541AF1E-AB8D-4586-B9E0-D55D27607834}.Debug|Any CPU.ActiveCfg = Debug|Any CPU
		{1541AF1E-AB8D-4586-B9E0-D55D27607834}.Debug|Any CPU.Build.0 = Debug|Any CPU
		{1541AF1E-AB8D-4586-B9E0-D55D27607834}.Release|Any CPU.ActiveCfg = Release|Any CPU
		{1541AF1E-AB8D-4586-B9E0-D55D27607834}.Release|Any CPU.Build.0 = Release|Any CPU
	EndGlobalSection
	GlobalSection(SolutionProperties) = preSolution
		HideSolutionNode = FALSE
	EndGlobalSection
	GlobalSection(ExtensibilityGlobals) = postSolution
		SolutionGuid = {1D49D006-9B46-4B72-8F76-355953DAAA14}
	EndGlobalSection
EndGlobal
